
Microsoft Visual Studio Solution File, Format Version 12.00
# Visual Studio Version 17
VisualStudioVersion = 17.2.32516.85
MinimumVisualStudioVersion = 10.0.40219.1
Project("{FAE04EC0-301F-11D3-BF4B-00C04F79EFBC}") = "ConsoleApp", "ConsoleApp\ConsoleApp.csproj", "{DAADBB1C-0457-4DBF-9375-55F3648A7645}"
EndProject
Global
	GlobalSection(SolutionConfigurationPlatforms) = preSolution
		Debug|Any CPU = Debug|Any CPU
		Release|Any CPU = Release|Any CPU
	EndGlobalSection
	GlobalSection(ProjectConfigurationPlatforms) = postSolution
		{DAADBB1C-0457-4DBF-9375-55F3648A7645}.Debug|Any CPU.ActiveCfg = Debug|Any CPU
		{DAADBB1C-0457-4DBF-9375-55F3648A7645}.Debug|Any CPU.Build.0 = Debug|Any CPU
		{DAADBB1C-0457-4DBF-9375-55F3648A7645}.Release|Any CPU.ActiveCfg = Release|Any CPU
		{DAADBB1C-0457-4DBF-9375-55F3648A7645}.Release|Any CPU.Build.0 = Release|Any CPU
	EndGlobalSection
	GlobalSection(SolutionProperties) = preSolution
		HideSolutionNode = FALSE
	EndGlobalSection
	GlobalSection(ExtensibilityGlobals) = postSolution
		SolutionGuid = {D5189821-56AA-4BBC-A5C2-AFE2590F62E5}
	EndGlobalSection
EndGlobal
